// !$*UTF8*$!
{
	archiveVersion = 1;
	classes = {
	};
	objectVersion = 55;
	objects = {

/* Begin PBXBuildFile section */
		3CB4D1E87E70F56AC7D28294 /* Pods_Flix_app.framework in Frameworks */ = {isa = PBXBuildFile; fileRef = E03E4AEA5F4D085E76D7C730 /* Pods_Flix_app.framework */; };
		44D04F94EC2909E1CAFE40CE /* Pods_Flix_appTests.framework in Frameworks */ = {isa = PBXBuildFile; fileRef = F9D5E4E3A30C3128683620BF /* Pods_Flix_appTests.framework */; };
		A48B102F28C8334B007AFB5F /* AppDelegate.swift in Sources */ = {isa = PBXBuildFile; fileRef = A48B102E28C8334B007AFB5F /* AppDelegate.swift */; };
		A48B103128C8334B007AFB5F /* SceneDelegate.swift in Sources */ = {isa = PBXBuildFile; fileRef = A48B103028C8334B007AFB5F /* SceneDelegate.swift */; };
		A48B103328C8334B007AFB5F /* ListViewController.swift in Sources */ = {isa = PBXBuildFile; fileRef = A48B103228C8334B007AFB5F /* ListViewController.swift */; };
		A48B103628C8334B007AFB5F /* Main.storyboard in Resources */ = {isa = PBXBuildFile; fileRef = A48B103428C8334B007AFB5F /* Main.storyboard */; };
		A48B103828C8334F007AFB5F /* Assets.xcassets in Resources */ = {isa = PBXBuildFile; fileRef = A48B103728C8334F007AFB5F /* Assets.xcassets */; };
		A48B103B28C8334F007AFB5F /* LaunchScreen.storyboard in Resources */ = {isa = PBXBuildFile; fileRef = A48B103928C8334F007AFB5F /* LaunchScreen.storyboard */; };
		A48B104628C8334F007AFB5F /* Flix_appTests.swift in Sources */ = {isa = PBXBuildFile; fileRef = A48B104528C8334F007AFB5F /* Flix_appTests.swift */; };
		A48B105028C8334F007AFB5F /* Flix_appUITests.swift in Sources */ = {isa = PBXBuildFile; fileRef = A48B104F28C8334F007AFB5F /* Flix_appUITests.swift */; };
		A48B105228C8334F007AFB5F /* Flix_appUITestsLaunchTests.swift in Sources */ = {isa = PBXBuildFile; fileRef = A48B105128C8334F007AFB5F /* Flix_appUITestsLaunchTests.swift */; };
		A48B106028C83C54007AFB5F /* TableViewCell.swift in Sources */ = {isa = PBXBuildFile; fileRef = A48B105E28C83C53007AFB5F /* TableViewCell.swift */; };
		A48B106128C83C54007AFB5F /* TableViewCell.xib in Resources */ = {isa = PBXBuildFile; fileRef = A48B105F28C83C54007AFB5F /* TableViewCell.xib */; };
		A4A7B50428CBE388008CA75F /* Movie.swift in Sources */ = {isa = PBXBuildFile; fileRef = A4A7B50328CBE388008CA75F /* Movie.swift */; };
		A4A7B50628CC11FE008CA75F /* MovieViewController.swift in Sources */ = {isa = PBXBuildFile; fileRef = A4A7B50528CC11FE008CA75F /* MovieViewController.swift */; };
		A4A7B50828CC2268008CA75F /* ListViewController+ConfigTable.swift in Sources */ = {isa = PBXBuildFile; fileRef = A4A7B50728CC2268008CA75F /* ListViewController+ConfigTable.swift */; };
		A4A7B50A28CC229C008CA75F /* ListViewController+API.swift in Sources */ = {isa = PBXBuildFile; fileRef = A4A7B50928CC229C008CA75F /* ListViewController+API.swift */; };
		A4A7B50C28CC22C9008CA75F /* ListViewController+TableMethods.swift in Sources */ = {isa = PBXBuildFile; fileRef = A4A7B50B28CC22C9008CA75F /* ListViewController+TableMethods.swift */; };
		A4A7B50E28CC22F6008CA75F /* ListViewController+ViewDidLoad.swift in Sources */ = {isa = PBXBuildFile; fileRef = A4A7B50D28CC22F6008CA75F /* ListViewController+ViewDidLoad.swift */; };
		E87FB4618AB23DCDBF221591 /* Pods_Flix_app_Flix_appUITests.framework in Frameworks */ = {isa = PBXBuildFile; fileRef = 2B0B7FE98B709564F9963947 /* Pods_Flix_app_Flix_appUITests.framework */; };
/* End PBXBuildFile section */

/* Begin PBXContainerItemProxy section */
		A48B104228C8334F007AFB5F /* PBXContainerItemProxy */ = {
			isa = PBXContainerItemProxy;
			containerPortal = A48B102328C8334B007AFB5F /* Project object */;
			proxyType = 1;
			remoteGlobalIDString = A48B102A28C8334B007AFB5F;
			remoteInfo = "Flix app";
		};
		A48B104C28C8334F007AFB5F /* PBXContainerItemProxy */ = {
			isa = PBXContainerItemProxy;
			containerPortal = A48B102328C8334B007AFB5F /* Project object */;
			proxyType = 1;
			remoteGlobalIDString = A48B102A28C8334B007AFB5F;
			remoteInfo = "Flix app";
		};
/* End PBXContainerItemProxy section */

/* Begin PBXFileReference section */
		2B0B7FE98B709564F9963947 /* Pods_Flix_app_Flix_appUITests.framework */ = {isa = PBXFileReference; explicitFileType = wrapper.framework; includeInIndex = 0; path = Pods_Flix_app_Flix_appUITests.framework; sourceTree = BUILT_PRODUCTS_DIR; };
		3E1B26812C759CB999BD9A92 /* Pods-Flix app.debug.xcconfig */ = {isa = PBXFileReference; includeInIndex = 1; lastKnownFileType = text.xcconfig; name = "Pods-Flix app.debug.xcconfig"; path = "Target Support Files/Pods-Flix app/Pods-Flix app.debug.xcconfig"; sourceTree = "<group>"; };
		498B5BA03B3E996758DA77D8 /* Pods-Flix appTests.release.xcconfig */ = {isa = PBXFileReference; includeInIndex = 1; lastKnownFileType = text.xcconfig; name = "Pods-Flix appTests.release.xcconfig"; path = "Target Support Files/Pods-Flix appTests/Pods-Flix appTests.release.xcconfig"; sourceTree = "<group>"; };
		6A6FEACB0A05558458E7391E /* Pods-Flix app-Flix appUITests.debug.xcconfig */ = {isa = PBXFileReference; includeInIndex = 1; lastKnownFileType = text.xcconfig; name = "Pods-Flix app-Flix appUITests.debug.xcconfig"; path = "Target Support Files/Pods-Flix app-Flix appUITests/Pods-Flix app-Flix appUITests.debug.xcconfig"; sourceTree = "<group>"; };
		71B39523042B87A5381D692A /* Pods-Flix appTests.debug.xcconfig */ = {isa = PBXFileReference; includeInIndex = 1; lastKnownFileType = text.xcconfig; name = "Pods-Flix appTests.debug.xcconfig"; path = "Target Support Files/Pods-Flix appTests/Pods-Flix appTests.debug.xcconfig"; sourceTree = "<group>"; };
		75A3500AECB0E28C64CBD745 /* Pods-Flix app-Flix appUITests.release.xcconfig */ = {isa = PBXFileReference; includeInIndex = 1; lastKnownFileType = text.xcconfig; name = "Pods-Flix app-Flix appUITests.release.xcconfig"; path = "Target Support Files/Pods-Flix app-Flix appUITests/Pods-Flix app-Flix appUITests.release.xcconfig"; sourceTree = "<group>"; };
		A370D004A5B21FCB03D9C209 /* Pods-Flix app.release.xcconfig */ = {isa = PBXFileReference; includeInIndex = 1; lastKnownFileType = text.xcconfig; name = "Pods-Flix app.release.xcconfig"; path = "Target Support Files/Pods-Flix app/Pods-Flix app.release.xcconfig"; sourceTree = "<group>"; };
		A48B102B28C8334B007AFB5F /* Flix app.app */ = {isa = PBXFileReference; explicitFileType = wrapper.application; includeInIndex = 0; path = "Flix app.app"; sourceTree = BUILT_PRODUCTS_DIR; };
		A48B102E28C8334B007AFB5F /* AppDelegate.swift */ = {isa = PBXFileReference; lastKnownFileType = sourcecode.swift; path = AppDelegate.swift; sourceTree = "<group>"; };
		A48B103028C8334B007AFB5F /* SceneDelegate.swift */ = {isa = PBXFileReference; lastKnownFileType = sourcecode.swift; path = SceneDelegate.swift; sourceTree = "<group>"; };
		A48B103228C8334B007AFB5F /* ListViewController.swift */ = {isa = PBXFileReference; lastKnownFileType = sourcecode.swift; path = ListViewController.swift; sourceTree = "<group>"; };
		A48B103528C8334B007AFB5F /* Base */ = {isa = PBXFileReference; lastKnownFileType = file.storyboard; name = Base; path = Base.lproj/Main.storyboard; sourceTree = "<group>"; };
		A48B103728C8334F007AFB5F /* Assets.xcassets */ = {isa = PBXFileReference; lastKnownFileType = folder.assetcatalog; path = Assets.xcassets; sourceTree = "<group>"; };
		A48B103A28C8334F007AFB5F /* Base */ = {isa = PBXFileReference; lastKnownFileType = file.storyboard; name = Base; path = Base.lproj/LaunchScreen.storyboard; sourceTree = "<group>"; };
		A48B103C28C8334F007AFB5F /* Info.plist */ = {isa = PBXFileReference; lastKnownFileType = text.plist.xml; path = Info.plist; sourceTree = "<group>"; };
		A48B104128C8334F007AFB5F /* Flix appTests.xctest */ = {isa = PBXFileReference; explicitFileType = wrapper.cfbundle; includeInIndex = 0; path = "Flix appTests.xctest"; sourceTree = BUILT_PRODUCTS_DIR; };
		A48B104528C8334F007AFB5F /* Flix_appTests.swift */ = {isa = PBXFileReference; lastKnownFileType = sourcecode.swift; path = Flix_appTests.swift; sourceTree = "<group>"; };
		A48B104B28C8334F007AFB5F /* Flix appUITests.xctest */ = {isa = PBXFileReference; explicitFileType = wrapper.cfbundle; includeInIndex = 0; path = "Flix appUITests.xctest"; sourceTree = BUILT_PRODUCTS_DIR; };
		A48B104F28C8334F007AFB5F /* Flix_appUITests.swift */ = {isa = PBXFileReference; lastKnownFileType = sourcecode.swift; path = Flix_appUITests.swift; sourceTree = "<group>"; };
		A48B105128C8334F007AFB5F /* Flix_appUITestsLaunchTests.swift */ = {isa = PBXFileReference; lastKnownFileType = sourcecode.swift; path = Flix_appUITestsLaunchTests.swift; sourceTree = "<group>"; };
		A48B105E28C83C53007AFB5F /* TableViewCell.swift */ = {isa = PBXFileReference; lastKnownFileType = sourcecode.swift; path = TableViewCell.swift; sourceTree = "<group>"; };
		A48B105F28C83C54007AFB5F /* TableViewCell.xib */ = {isa = PBXFileReference; lastKnownFileType = file.xib; path = TableViewCell.xib; sourceTree = "<group>"; };
		A4A7B50328CBE388008CA75F /* Movie.swift */ = {isa = PBXFileReference; lastKnownFileType = sourcecode.swift; path = Movie.swift; sourceTree = "<group>"; };
		A4A7B50528CC11FE008CA75F /* MovieViewController.swift */ = {isa = PBXFileReference; lastKnownFileType = sourcecode.swift; path = MovieViewController.swift; sourceTree = "<group>"; };
		A4A7B50728CC2268008CA75F /* ListViewController+ConfigTable.swift */ = {isa = PBXFileReference; lastKnownFileType = sourcecode.swift; path = "ListViewController+ConfigTable.swift"; sourceTree = "<group>"; };
		A4A7B50928CC229C008CA75F /* ListViewController+API.swift */ = {isa = PBXFileReference; lastKnownFileType = sourcecode.swift; path = "ListViewController+API.swift"; sourceTree = "<group>"; };
		A4A7B50B28CC22C9008CA75F /* ListViewController+TableMethods.swift */ = {isa = PBXFileReference; lastKnownFileType = sourcecode.swift; name = "ListViewController+TableMethods.swift"; path = "../../../../../ListViewController+TableMethods.swift"; sourceTree = "<group>"; };
		A4A7B50D28CC22F6008CA75F /* ListViewController+ViewDidLoad.swift */ = {isa = PBXFileReference; lastKnownFileType = sourcecode.swift; path = "ListViewController+ViewDidLoad.swift"; sourceTree = "<group>"; };
		E03E4AEA5F4D085E76D7C730 /* Pods_Flix_app.framework */ = {isa = PBXFileReference; explicitFileType = wrapper.framework; includeInIndex = 0; path = Pods_Flix_app.framework; sourceTree = BUILT_PRODUCTS_DIR; };
		F9D5E4E3A30C3128683620BF /* Pods_Flix_appTests.framework */ = {isa = PBXFileReference; explicitFileType = wrapper.framework; includeInIndex = 0; path = Pods_Flix_appTests.framework; sourceTree = BUILT_PRODUCTS_DIR; };
/* End PBXFileReference section */

/* Begin PBXFrameworksBuildPhase section */
		A48B102828C8334B007AFB5F /* Frameworks */ = {
			isa = PBXFrameworksBuildPhase;
			buildActionMask = 2147483647;
			files = (
				3CB4D1E87E70F56AC7D28294 /* Pods_Flix_app.framework in Frameworks */,
			);
			runOnlyForDeploymentPostprocessing = 0;
		};
		A48B103E28C8334F007AFB5F /* Frameworks */ = {
			isa = PBXFrameworksBuildPhase;
			buildActionMask = 2147483647;
			files = (
				44D04F94EC2909E1CAFE40CE /* Pods_Flix_appTests.framework in Frameworks */,
			);
			runOnlyForDeploymentPostprocessing = 0;
		};
		A48B104828C8334F007AFB5F /* Frameworks */ = {
			isa = PBXFrameworksBuildPhase;
			buildActionMask = 2147483647;
			files = (
				E87FB4618AB23DCDBF221591 /* Pods_Flix_app_Flix_appUITests.framework in Frameworks */,
			);
			runOnlyForDeploymentPostprocessing = 0;
		};
/* End PBXFrameworksBuildPhase section */

/* Begin PBXGroup section */
		18ECF170D8F081F68EFA4078 /* Frameworks */ = {
			isa = PBXGroup;
			children = (
				E03E4AEA5F4D085E76D7C730 /* Pods_Flix_app.framework */,
				2B0B7FE98B709564F9963947 /* Pods_Flix_app_Flix_appUITests.framework */,
				F9D5E4E3A30C3128683620BF /* Pods_Flix_appTests.framework */,
			);
			name = Frameworks;
			sourceTree = "<group>";
		};
		3D67F7D4B7C46E498A8E763D /* Pods */ = {
			isa = PBXGroup;
			children = (
				3E1B26812C759CB999BD9A92 /* Pods-Flix app.debug.xcconfig */,
				A370D004A5B21FCB03D9C209 /* Pods-Flix app.release.xcconfig */,
				6A6FEACB0A05558458E7391E /* Pods-Flix app-Flix appUITests.debug.xcconfig */,
				75A3500AECB0E28C64CBD745 /* Pods-Flix app-Flix appUITests.release.xcconfig */,
				71B39523042B87A5381D692A /* Pods-Flix appTests.debug.xcconfig */,
				498B5BA03B3E996758DA77D8 /* Pods-Flix appTests.release.xcconfig */,
			);
			path = Pods;
			sourceTree = "<group>";
		};
		A48B102228C8334B007AFB5F = {
			isa = PBXGroup;
			children = (
				A48B102D28C8334B007AFB5F /* Flix app */,
				A48B104428C8334F007AFB5F /* Flix appTests */,
				A48B104E28C8334F007AFB5F /* Flix appUITests */,
				A48B102C28C8334B007AFB5F /* Products */,
				3D67F7D4B7C46E498A8E763D /* Pods */,
				18ECF170D8F081F68EFA4078 /* Frameworks */,
			);
			sourceTree = "<group>";
		};
		A48B102C28C8334B007AFB5F /* Products */ = {
			isa = PBXGroup;
			children = (
				A48B102B28C8334B007AFB5F /* Flix app.app */,
				A48B104128C8334F007AFB5F /* Flix appTests.xctest */,
				A48B104B28C8334F007AFB5F /* Flix appUITests.xctest */,
			);
			name = Products;
			sourceTree = "<group>";
		};
		A48B102D28C8334B007AFB5F /* Flix app */ = {
			isa = PBXGroup;
			children = (
				A48B102E28C8334B007AFB5F /* AppDelegate.swift */,
				A48B103028C8334B007AFB5F /* SceneDelegate.swift */,
				A48B103228C8334B007AFB5F /* ListViewController.swift */,
				A4A7B50D28CC22F6008CA75F /* ListViewController+ViewDidLoad.swift */,
				A4A7B50728CC2268008CA75F /* ListViewController+ConfigTable.swift */,
				A4A7B50B28CC22C9008CA75F /* ListViewController+TableMethods.swift */,
				A4A7B50928CC229C008CA75F /* ListViewController+API.swift */,
				A4A7B50528CC11FE008CA75F /* MovieViewController.swift */,
				A4A7B50328CBE388008CA75F /* Movie.swift */,
				A48B105E28C83C53007AFB5F /* TableViewCell.swift */,
				A48B105F28C83C54007AFB5F /* TableViewCell.xib */,
				A48B103428C8334B007AFB5F /* Main.storyboard */,
				A48B103728C8334F007AFB5F /* Assets.xcassets */,
				A48B103928C8334F007AFB5F /* LaunchScreen.storyboard */,
				A48B103C28C8334F007AFB5F /* Info.plist */,
			);
			path = "Flix app";
			sourceTree = "<group>";
		};
		A48B104428C8334F007AFB5F /* Flix appTests */ = {
			isa = PBXGroup;
			children = (
				A48B104528C8334F007AFB5F /* Flix_appTests.swift */,
			);
			path = "Flix appTests";
			sourceTree = "<group>";
		};
		A48B104E28C8334F007AFB5F /* Flix appUITests */ = {
			isa = PBXGroup;
			children = (
				A48B104F28C8334F007AFB5F /* Flix_appUITests.swift */,
				A48B105128C8334F007AFB5F /* Flix_appUITestsLaunchTests.swift */,
			);
			path = "Flix appUITests";
			sourceTree = "<group>";
		};
/* End PBXGroup section */

/* Begin PBXNativeTarget section */
		A48B102A28C8334B007AFB5F /* Flix app */ = {
			isa = PBXNativeTarget;
			buildConfigurationList = A48B105528C8334F007AFB5F /* Build configuration list for PBXNativeTarget "Flix app" */;
			buildPhases = (
				70D4ECA18E333B2849EE40C2 /* [CP] Check Pods Manifest.lock */,
				A48B102728C8334B007AFB5F /* Sources */,
				A48B102828C8334B007AFB5F /* Frameworks */,
				A48B102928C8334B007AFB5F /* Resources */,
				7566B01138D4D304143BC198 /* [CP] Embed Pods Frameworks */,
			);
			buildRules = (
			);
			dependencies = (
			);
			name = "Flix app";
			productName = "Flix app";
			productReference = A48B102B28C8334B007AFB5F /* Flix app.app */;
			productType = "com.apple.product-type.application";
		};
		A48B104028C8334F007AFB5F /* Flix appTests */ = {
			isa = PBXNativeTarget;
			buildConfigurationList = A48B105828C8334F007AFB5F /* Build configuration list for PBXNativeTarget "Flix appTests" */;
			buildPhases = (
				9586D10580290F905E557716 /* [CP] Check Pods Manifest.lock */,
				A48B103D28C8334F007AFB5F /* Sources */,
				A48B103E28C8334F007AFB5F /* Frameworks */,
				A48B103F28C8334F007AFB5F /* Resources */,
			);
			buildRules = (
			);
			dependencies = (
				A48B104328C8334F007AFB5F /* PBXTargetDependency */,
			);
			name = "Flix appTests";
			productName = "Flix appTests";
			productReference = A48B104128C8334F007AFB5F /* Flix appTests.xctest */;
			productType = "com.apple.product-type.bundle.unit-test";
		};
		A48B104A28C8334F007AFB5F /* Flix appUITests */ = {
			isa = PBXNativeTarget;
			buildConfigurationList = A48B105B28C8334F007AFB5F /* Build configuration list for PBXNativeTarget "Flix appUITests" */;
			buildPhases = (
				2B6FB349099D7E7B67F89ED7 /* [CP] Check Pods Manifest.lock */,
				A48B104728C8334F007AFB5F /* Sources */,
				A48B104828C8334F007AFB5F /* Frameworks */,
				A48B104928C8334F007AFB5F /* Resources */,
				72E4232C1FF8EBFDBBC4F7A9 /* [CP] Embed Pods Frameworks */,
			);
			buildRules = (
			);
			dependencies = (
				A48B104D28C8334F007AFB5F /* PBXTargetDependency */,
			);
			name = "Flix appUITests";
			productName = "Flix appUITests";
			productReference = A48B104B28C8334F007AFB5F /* Flix appUITests.xctest */;
			productType = "com.apple.product-type.bundle.ui-testing";
		};
/* End PBXNativeTarget section */

/* Begin PBXProject section */
		A48B102328C8334B007AFB5F /* Project object */ = {
			isa = PBXProject;
			attributes = {
				BuildIndependentTargetsInParallel = 1;
				LastSwiftUpdateCheck = 1340;
				LastUpgradeCheck = 1340;
				TargetAttributes = {
					A48B102A28C8334B007AFB5F = {
						CreatedOnToolsVersion = 13.4.1;
					};
					A48B104028C8334F007AFB5F = {
						CreatedOnToolsVersion = 13.4.1;
						TestTargetID = A48B102A28C8334B007AFB5F;
					};
					A48B104A28C8334F007AFB5F = {
						CreatedOnToolsVersion = 13.4.1;
						TestTargetID = A48B102A28C8334B007AFB5F;
					};
				};
			};
			buildConfigurationList = A48B102628C8334B007AFB5F /* Build configuration list for PBXProject "Flix app" */;
			compatibilityVersion = "Xcode 13.0";
			developmentRegion = en;
			hasScannedForEncodings = 0;
			knownRegions = (
				en,
				Base,
			);
			mainGroup = A48B102228C8334B007AFB5F;
			productRefGroup = A48B102C28C8334B007AFB5F /* Products */;
			projectDirPath = "";
			projectRoot = "";
			targets = (
				A48B102A28C8334B007AFB5F /* Flix app */,
				A48B104028C8334F007AFB5F /* Flix appTests */,
				A48B104A28C8334F007AFB5F /* Flix appUITests */,
			);
		};
/* End PBXProject section */

/* Begin PBXResourcesBuildPhase section */
		A48B102928C8334B007AFB5F /* Resources */ = {
			isa = PBXResourcesBuildPhase;
			buildActionMask = 2147483647;
			files = (
				A48B103B28C8334F007AFB5F /* LaunchScreen.storyboard in Resources */,
				A48B106128C83C54007AFB5F /* TableViewCell.xib in Resources */,
				A48B103828C8334F007AFB5F /* Assets.xcassets in Resources */,
				A48B103628C8334B007AFB5F /* Main.storyboard in Resources */,
			);
			runOnlyForDeploymentPostprocessing = 0;
		};
		A48B103F28C8334F007AFB5F /* Resources */ = {
			isa = PBXResourcesBuildPhase;
			buildActionMask = 2147483647;
			files = (
			);
			runOnlyForDeploymentPostprocessing = 0;
		};
		A48B104928C8334F007AFB5F /* Resources */ = {
			isa = PBXResourcesBuildPhase;
			buildActionMask = 2147483647;
			files = (
			);
			runOnlyForDeploymentPostprocessing = 0;
		};
/* End PBXResourcesBuildPhase section */

/* Begin PBXShellScriptBuildPhase section */
		2B6FB349099D7E7B67F89ED7 /* [CP] Check Pods Manifest.lock */ = {
			isa = PBXShellScriptBuildPhase;
			buildActionMask = 2147483647;
			files = (
			);
			inputFileListPaths = (
			);
			inputPaths = (
				"${PODS_PODFILE_DIR_PATH}/Podfile.lock",
				"${PODS_ROOT}/Manifest.lock",
			);
			name = "[CP] Check Pods Manifest.lock";
			outputFileListPaths = (
			);
			outputPaths = (
				"$(DERIVED_FILE_DIR)/Pods-Flix app-Flix appUITests-checkManifestLockResult.txt",
			);
			runOnlyForDeploymentPostprocessing = 0;
			shellPath = /bin/sh;
			shellScript = "diff \"${PODS_PODFILE_DIR_PATH}/Podfile.lock\" \"${PODS_ROOT}/Manifest.lock\" > /dev/null\nif [ $? != 0 ] ; then\n    # print error to STDERR\n    echo \"error: The sandbox is not in sync with the Podfile.lock. Run 'pod install' or update your CocoaPods installation.\" >&2\n    exit 1\nfi\n# This output is used by Xcode 'outputs' to avoid re-running this script phase.\necho \"SUCCESS\" > \"${SCRIPT_OUTPUT_FILE_0}\"\n";
			showEnvVarsInLog = 0;
		};
		70D4ECA18E333B2849EE40C2 /* [CP] Check Pods Manifest.lock */ = {
			isa = PBXShellScriptBuildPhase;
			buildActionMask = 2147483647;
			files = (
			);
			inputFileListPaths = (
			);
			inputPaths = (
				"${PODS_PODFILE_DIR_PATH}/Podfile.lock",
				"${PODS_ROOT}/Manifest.lock",
			);
			name = "[CP] Check Pods Manifest.lock";
			outputFileListPaths = (
			);
			outputPaths = (
				"$(DERIVED_FILE_DIR)/Pods-Flix app-checkManifestLockResult.txt",
			);
			runOnlyForDeploymentPostprocessing = 0;
			shellPath = /bin/sh;
			shellScript = "diff \"${PODS_PODFILE_DIR_PATH}/Podfile.lock\" \"${PODS_ROOT}/Manifest.lock\" > /dev/null\nif [ $? != 0 ] ; then\n    # print error to STDERR\n    echo \"error: The sandbox is not in sync with the Podfile.lock. Run 'pod install' or update your CocoaPods installation.\" >&2\n    exit 1\nfi\n# This output is used by Xcode 'outputs' to avoid re-running this script phase.\necho \"SUCCESS\" > \"${SCRIPT_OUTPUT_FILE_0}\"\n";
			showEnvVarsInLog = 0;
		};
		72E4232C1FF8EBFDBBC4F7A9 /* [CP] Embed Pods Frameworks */ = {
			isa = PBXShellScriptBuildPhase;
			buildActionMask = 2147483647;
			files = (
			);
			inputFileListPaths = (
				"${PODS_ROOT}/Target Support Files/Pods-Flix app-Flix appUITests/Pods-Flix app-Flix appUITests-frameworks-${CONFIGURATION}-input-files.xcfilelist",
			);
			name = "[CP] Embed Pods Frameworks";
			outputFileListPaths = (
				"${PODS_ROOT}/Target Support Files/Pods-Flix app-Flix appUITests/Pods-Flix app-Flix appUITests-frameworks-${CONFIGURATION}-output-files.xcfilelist",
			);
			runOnlyForDeploymentPostprocessing = 0;
			shellPath = /bin/sh;
			shellScript = "\"${PODS_ROOT}/Target Support Files/Pods-Flix app-Flix appUITests/Pods-Flix app-Flix appUITests-frameworks.sh\"\n";
			showEnvVarsInLog = 0;
		};
		7566B01138D4D304143BC198 /* [CP] Embed Pods Frameworks */ = {
			isa = PBXShellScriptBuildPhase;
			buildActionMask = 2147483647;
			files = (
			);
			inputFileListPaths = (
				"${PODS_ROOT}/Target Support Files/Pods-Flix app/Pods-Flix app-frameworks-${CONFIGURATION}-input-files.xcfilelist",
			);
			name = "[CP] Embed Pods Frameworks";
			outputFileListPaths = (
				"${PODS_ROOT}/Target Support Files/Pods-Flix app/Pods-Flix app-frameworks-${CONFIGURATION}-output-files.xcfilelist",
			);
			runOnlyForDeploymentPostprocessing = 0;
			shellPath = /bin/sh;
			shellScript = "\"${PODS_ROOT}/Target Support Files/Pods-Flix app/Pods-Flix app-frameworks.sh\"\n";
			showEnvVarsInLog = 0;
		};
		9586D10580290F905E557716 /* [CP] Check Pods Manifest.lock */ = {
			isa = PBXShellScriptBuildPhase;
			buildActionMask = 2147483647;
			files = (
			);
			inputFileListPaths = (
			);
			inputPaths = (
				"${PODS_PODFILE_DIR_PATH}/Podfile.lock",
				"${PODS_ROOT}/Manifest.lock",
			);
			name = "[CP] Check Pods Manifest.lock";
			outputFileListPaths = (
			);
			outputPaths = (
				"$(DERIVED_FILE_DIR)/Pods-Flix appTests-checkManifestLockResult.txt",
			);
			runOnlyForDeploymentPostprocessing = 0;
			shellPath = /bin/sh;
			shellScript = "diff \"${PODS_PODFILE_DIR_PATH}/Podfile.lock\" \"${PODS_ROOT}/Manifest.lock\" > /dev/null\nif [ $? != 0 ] ; then\n    # print error to STDERR\n    echo \"error: The sandbox is not in sync with the Podfile.lock. Run 'pod install' or update your CocoaPods installation.\" >&2\n    exit 1\nfi\n# This output is used by Xcode 'outputs' to avoid re-running this script phase.\necho \"SUCCESS\" > \"${SCRIPT_OUTPUT_FILE_0}\"\n";
			showEnvVarsInLog = 0;
		};
/* End PBXShellScriptBuildPhase section */

/* Begin PBXSourcesBuildPhase section */
		A48B102728C8334B007AFB5F /* Sources */ = {
			isa = PBXSourcesBuildPhase;
			buildActionMask = 2147483647;
			files = (
				A48B103328C8334B007AFB5F /* ListViewController.swift in Sources */,
				A48B106028C83C54007AFB5F /* TableViewCell.swift in Sources */,
				A48B102F28C8334B007AFB5F /* AppDelegate.swift in Sources */,
				A48B103128C8334B007AFB5F /* SceneDelegate.swift in Sources */,
				A4A7B50428CBE388008CA75F /* Movie.swift in Sources */,
				A4A7B50C28CC22C9008CA75F /* ListViewController+TableMethods.swift in Sources */,
				A4A7B50828CC2268008CA75F /* ListViewController+ConfigTable.swift in Sources */,
				A4A7B50628CC11FE008CA75F /* MovieViewController.swift in Sources */,
				A4A7B50A28CC229C008CA75F /* ListViewController+API.swift in Sources */,
				A4A7B50E28CC22F6008CA75F /* ListViewController+ViewDidLoad.swift in Sources */,
			);
			runOnlyForDeploymentPostprocessing = 0;
		};
		A48B103D28C8334F007AFB5F /* Sources */ = {
			isa = PBXSourcesBuildPhase;
			buildActionMask = 2147483647;
			files = (
				A48B104628C8334F007AFB5F /* Flix_appTests.swift in Sources */,
			);
			runOnlyForDeploymentPostprocessing = 0;
		};
		A48B104728C8334F007AFB5F /* Sources */ = {
			isa = PBXSourcesBuildPhase;
			buildActionMask = 2147483647;
			files = (
				A48B105228C8334F007AFB5F /* Flix_appUITestsLaunchTests.swift in Sources */,
				A48B105028C8334F007AFB5F /* Flix_appUITests.swift in Sources */,
			);
			runOnlyForDeploymentPostprocessing = 0;
		};
/* End PBXSourcesBuildPhase section */

/* Begin PBXTargetDependency section */
		A48B104328C8334F007AFB5F /* PBXTargetDependency */ = {
			isa = PBXTargetDependency;
			target = A48B102A28C8334B007AFB5F /* Flix app */;
			targetProxy = A48B104228C8334F007AFB5F /* PBXContainerItemProxy */;
		};
		A48B104D28C8334F007AFB5F /* PBXTargetDependency */ = {
			isa = PBXTargetDependency;
			target = A48B102A28C8334B007AFB5F /* Flix app */;
			targetProxy = A48B104C28C8334F007AFB5F /* PBXContainerItemProxy */;
		};
/* End PBXTargetDependency section */

/* Begin PBXVariantGroup section */
		A48B103428C8334B007AFB5F /* Main.storyboard */ = {
			isa = PBXVariantGroup;
			children = (
				A48B103528C8334B007AFB5F /* Base */,
			);
			name = Main.storyboard;
			sourceTree = "<group>";
		};
		A48B103928C8334F007AFB5F /* LaunchScreen.storyboard */ = {
			isa = PBXVariantGroup;
			children = (
				A48B103A28C8334F007AFB5F /* Base */,
			);
			name = LaunchScreen.storyboard;
			sourceTree = "<group>";
		};
/* End PBXVariantGroup section */

/* Begin XCBuildConfiguration section */
		A48B105328C8334F007AFB5F /* Debug */ = {
			isa = XCBuildConfiguration;
			buildSettings = {
				ALWAYS_SEARCH_USER_PATHS = NO;
				CLANG_ANALYZER_NONNULL = YES;
				CLANG_ANALYZER_NUMBER_OBJECT_CONVERSION = YES_AGGRESSIVE;
				CLANG_CXX_LANGUAGE_STANDARD = "gnu++17";
				CLANG_ENABLE_MODULES = YES;
				CLANG_ENABLE_OBJC_ARC = YES;
				CLANG_ENABLE_OBJC_WEAK = YES;
				CLANG_WARN_BLOCK_CAPTURE_AUTORELEASING = YES;
				CLANG_WARN_BOOL_CONVERSION = YES;
				CLANG_WARN_COMMA = YES;
				CLANG_WARN_CONSTANT_CONVERSION = YES;
				CLANG_WARN_DEPRECATED_OBJC_IMPLEMENTATIONS = YES;
				CLANG_WARN_DIRECT_OBJC_ISA_USAGE = YES_ERROR;
				CLANG_WARN_DOCUMENTATION_COMMENTS = YES;
				CLANG_WARN_EMPTY_BODY = YES;
				CLANG_WARN_ENUM_CONVERSION = YES;
				CLANG_WARN_INFINITE_RECURSION = YES;
				CLANG_WARN_INT_CONVERSION = YES;
				CLANG_WARN_NON_LITERAL_NULL_CONVERSION = YES;
				CLANG_WARN_OBJC_IMPLICIT_RETAIN_SELF = YES;
				CLANG_WARN_OBJC_LITERAL_CONVERSION = YES;
				CLANG_WARN_OBJC_ROOT_CLASS = YES_ERROR;
				CLANG_WARN_QUOTED_INCLUDE_IN_FRAMEWORK_HEADER = YES;
				CLANG_WARN_RANGE_LOOP_ANALYSIS = YES;
				CLANG_WARN_STRICT_PROTOTYPES = YES;
				CLANG_WARN_SUSPICIOUS_MOVE = YES;
				CLANG_WARN_UNGUARDED_AVAILABILITY = YES_AGGRESSIVE;
				CLANG_WARN_UNREACHABLE_CODE = YES;
				CLANG_WARN__DUPLICATE_METHOD_MATCH = YES;
				COPY_PHASE_STRIP = NO;
				DEBUG_INFORMATION_FORMAT = dwarf;
				ENABLE_STRICT_OBJC_MSGSEND = YES;
				ENABLE_TESTABILITY = YES;
				GCC_C_LANGUAGE_STANDARD = gnu11;
				GCC_DYNAMIC_NO_PIC = NO;
				GCC_NO_COMMON_BLOCKS = YES;
				GCC_OPTIMIZATION_LEVEL = 0;
				GCC_PREPROCESSOR_DEFINITIONS = (
					"DEBUG=1",
					"$(inherited)",
				);
				GCC_WARN_64_TO_32_BIT_CONVERSION = YES;
				GCC_WARN_ABOUT_RETURN_TYPE = YES_ERROR;
				GCC_WARN_UNDECLARED_SELECTOR = YES;
				GCC_WARN_UNINITIALIZED_AUTOS = YES_AGGRESSIVE;
				GCC_WARN_UNUSED_FUNCTION = YES;
				GCC_WARN_UNUSED_VARIABLE = YES;
				IPHONEOS_DEPLOYMENT_TARGET = 15.5;
				MTL_ENABLE_DEBUG_INFO = INCLUDE_SOURCE;
				MTL_FAST_MATH = YES;
				ONLY_ACTIVE_ARCH = YES;
				SDKROOT = iphoneos;
				SWIFT_ACTIVE_COMPILATION_CONDITIONS = DEBUG;
				SWIFT_OPTIMIZATION_LEVEL = "-Onone";
			};
			name = Debug;
		};
		A48B105428C8334F007AFB5F /* Release */ = {
			isa = XCBuildConfiguration;
			buildSettings = {
				ALWAYS_SEARCH_USER_PATHS = NO;
				CLANG_ANALYZER_NONNULL = YES;
				CLANG_ANALYZER_NUMBER_OBJECT_CONVERSION = YES_AGGRESSIVE;
				CLANG_CXX_LANGUAGE_STANDARD = "gnu++17";
				CLANG_ENABLE_MODULES = YES;
				CLANG_ENABLE_OBJC_ARC = YES;
				CLANG_ENABLE_OBJC_WEAK = YES;
				CLANG_WARN_BLOCK_CAPTURE_AUTORELEASING = YES;
				CLANG_WARN_BOOL_CONVERSION = YES;
				CLANG_WARN_COMMA = YES;
				CLANG_WARN_CONSTANT_CONVERSION = YES;
				CLANG_WARN_DEPRECATED_OBJC_IMPLEMENTATIONS = YES;
				CLANG_WARN_DIRECT_OBJC_ISA_USAGE = YES_ERROR;
				CLANG_WARN_DOCUMENTATION_COMMENTS = YES;
				CLANG_WARN_EMPTY_BODY = YES;
				CLANG_WARN_ENUM_CONVERSION = YES;
				CLANG_WARN_INFINITE_RECURSION = YES;
				CLANG_WARN_INT_CONVERSION = YES;
				CLANG_WARN_NON_LITERAL_NULL_CONVERSION = YES;
				CLANG_WARN_OBJC_IMPLICIT_RETAIN_SELF = YES;
				CLANG_WARN_OBJC_LITERAL_CONVERSION = YES;
				CLANG_WARN_OBJC_ROOT_CLASS = YES_ERROR;
				CLANG_WARN_QUOTED_INCLUDE_IN_FRAMEWORK_HEADER = YES;
				CLANG_WARN_RANGE_LOOP_ANALYSIS = YES;
				CLANG_WARN_STRICT_PROTOTYPES = YES;
				CLANG_WARN_SUSPICIOUS_MOVE = YES;
				CLANG_WARN_UNGUARDED_AVAILABILITY = YES_AGGRESSIVE;
				CLANG_WARN_UNREACHABLE_CODE = YES;
				CLANG_WARN__DUPLICATE_METHOD_MATCH = YES;
				COPY_PHASE_STRIP = NO;
				DEBUG_INFORMATION_FORMAT = "dwarf-with-dsym";
				ENABLE_NS_ASSERTIONS = NO;
				ENABLE_STRICT_OBJC_MSGSEND = YES;
				GCC_C_LANGUAGE_STANDARD = gnu11;
				GCC_NO_COMMON_BLOCKS = YES;
				GCC_WARN_64_TO_32_BIT_CONVERSION = YES;
				GCC_WARN_ABOUT_RETURN_TYPE = YES_ERROR;
				GCC_WARN_UNDECLARED_SELECTOR = YES;
				GCC_WARN_UNINITIALIZED_AUTOS = YES_AGGRESSIVE;
				GCC_WARN_UNUSED_FUNCTION = YES;
				GCC_WARN_UNUSED_VARIABLE = YES;
				IPHONEOS_DEPLOYMENT_TARGET = 15.5;
				MTL_ENABLE_DEBUG_INFO = NO;
				MTL_FAST_MATH = YES;
				SDKROOT = iphoneos;
				SWIFT_COMPILATION_MODE = wholemodule;
				SWIFT_OPTIMIZATION_LEVEL = "-O";
				VALIDATE_PRODUCT = YES;
			};
			name = Release;
		};
		A48B105628C8334F007AFB5F /* Debug */ = {
			isa = XCBuildConfiguration;
			baseConfigurationReference = 3E1B26812C759CB999BD9A92 /* Pods-Flix app.debug.xcconfig */;
			buildSettings = {
				ASSETCATALOG_COMPILER_APPICON_NAME = AppIcon;
				ASSETCATALOG_COMPILER_GLOBAL_ACCENT_COLOR_NAME = AccentColor;
				CODE_SIGN_STYLE = Automatic;
				CURRENT_PROJECT_VERSION = 1;
				DEVELOPMENT_TEAM = YCQ2KCMFJZ;
				GENERATE_INFOPLIST_FILE = YES;
				INFOPLIST_FILE = "Flix app/Info.plist";
				INFOPLIST_KEY_UIApplicationSupportsIndirectInputEvents = YES;
				INFOPLIST_KEY_UILaunchStoryboardName = LaunchScreen;
				INFOPLIST_KEY_UIMainStoryboardFile = Main;
				INFOPLIST_KEY_UISupportedInterfaceOrientations_iPad = "UIInterfaceOrientationPortrait UIInterfaceOrientationPortraitUpsideDown UIInterfaceOrientationLandscapeLeft UIInterfaceOrientationLandscapeRight";
				INFOPLIST_KEY_UISupportedInterfaceOrientations_iPhone = "UIInterfaceOrientationPortrait UIInterfaceOrientationLandscapeLeft UIInterfaceOrientationLandscapeRight";
				LD_RUNPATH_SEARCH_PATHS = (
					"$(inherited)",
					"@executable_path/Frameworks",
				);
				MARKETING_VERSION = 1.0;
				PRODUCT_BUNDLE_IDENTIFIER = "tuanlm.Flix-app";
				PRODUCT_NAME = "$(TARGET_NAME)";
				SWIFT_EMIT_LOC_STRINGS = YES;
				SWIFT_VERSION = 5.0;
				TARGETED_DEVICE_FAMILY = "1,2";
			};
			name = Debug;
		};
		A48B105728C8334F007AFB5F /* Release */ = {
			isa = XCBuildConfiguration;
			baseConfigurationReference = A370D004A5B21FCB03D9C209 /* Pods-Flix app.release.xcconfig */;
			buildSettings = {
				ASSETCATALOG_COMPILER_APPICON_NAME = AppIcon;
				ASSETCATALOG_COMPILER_GLOBAL_ACCENT_COLOR_NAME = AccentColor;
				CODE_SIGN_STYLE = Automatic;
				CURRENT_PROJECT_VERSION = 1;
				DEVELOPMENT_TEAM = YCQ2KCMFJZ;
				GENERATE_INFOPLIST_FILE = YES;
				INFOPLIST_FILE = "Flix app/Info.plist";
				INFOPLIST_KEY_UIApplicationSupportsIndirectInputEvents = YES;
				INFOPLIST_KEY_UILaunchStoryboardName = LaunchScreen;
				INFOPLIST_KEY_UIMainStoryboardFile = Main;
				INFOPLIST_KEY_UISupportedInterfaceOrientations_iPad = "UIInterfaceOrientationPortrait UIInterfaceOrientationPortraitUpsideDown UIInterfaceOrientationLandscapeLeft UIInterfaceOrientationLandscapeRight";
				INFOPLIST_KEY_UISupportedInterfaceOrientations_iPhone = "UIInterfaceOrientationPortrait UIInterfaceOrientationLandscapeLeft UIInterfaceOrientationLandscapeRight";
				LD_RUNPATH_SEARCH_PATHS = (
					"$(inherited)",
					"@executable_path/Frameworks",
				);
				MARKETING_VERSION = 1.0;
				PRODUCT_BUNDLE_IDENTIFIER = "tuanlm.Flix-app";
				PRODUCT_NAME = "$(TARGET_NAME)";
				SWIFT_EMIT_LOC_STRINGS = YES;
				SWIFT_VERSION = 5.0;
				TARGETED_DEVICE_FAMILY = "1,2";
			};
			name = Release;
		};
		A48B105928C8334F007AFB5F /* Debug */ = {
			isa = XCBuildConfiguration;
			baseConfigurationReference = 71B39523042B87A5381D692A /* Pods-Flix appTests.debug.xcconfig */;
			buildSettings = {
				ALWAYS_EMBED_SWIFT_STANDARD_LIBRARIES = YES;
				BUNDLE_LOADER = "$(TEST_HOST)";
				CODE_SIGN_STYLE = Automatic;
				CURRENT_PROJECT_VERSION = 1;
				DEVELOPMENT_TEAM = YCQ2KCMFJZ;
				GENERATE_INFOPLIST_FILE = YES;
				IPHONEOS_DEPLOYMENT_TARGET = 15.5;
				MARKETING_VERSION = 1.0;
				PRODUCT_BUNDLE_IDENTIFIER = "tuanlm.Flix-appTests";
				PRODUCT_NAME = "$(TARGET_NAME)";
				SWIFT_EMIT_LOC_STRINGS = NO;
				SWIFT_VERSION = 5.0;
				TARGETED_DEVICE_FAMILY = "1,2";
				TEST_HOST = "$(BUILT_PRODUCTS_DIR)/Flix app.app/Flix app";
			};
			name = Debug;
		};
		A48B105A28C8334F007AFB5F /* Release */ = {
			isa = XCBuildConfiguration;
			baseConfigurationReference = 498B5BA03B3E996758DA77D8 /* Pods-Flix appTests.release.xcconfig */;
			buildSettings = {
				ALWAYS_EMBED_SWIFT_STANDARD_LIBRARIES = YES;
				BUNDLE_LOADER = "$(TEST_HOST)";
				CODE_SIGN_STYLE = Automatic;
				CURRENT_PROJECT_VERSION = 1;
				DEVELOPMENT_TEAM = YCQ2KCMFJZ;
				GENERATE_INFOPLIST_FILE = YES;
				IPHONEOS_DEPLOYMENT_TARGET = 15.5;
				MARKETING_VERSION = 1.0;
				PRODUCT_BUNDLE_IDENTIFIER = "tuanlm.Flix-appTests";
				PRODUCT_NAME = "$(TARGET_NAME)";
				SWIFT_EMIT_LOC_STRINGS = NO;
				SWIFT_VERSION = 5.0;
				TARGETED_DEVICE_FAMILY = "1,2";
				TEST_HOST = "$(BUILT_PRODUCTS_DIR)/Flix app.app/Flix app";
			};
			name = Release;
		};
		A48B105C28C8334F007AFB5F /* Debug */ = {
			isa = XCBuildConfiguration;
			baseConfigurationReference = 6A6FEACB0A05558458E7391E /* Pods-Flix app-Flix appUITests.debug.xcconfig */;
			buildSettings = {
				ALWAYS_EMBED_SWIFT_STANDARD_LIBRARIES = YES;
				CODE_SIGN_STYLE = Automatic;
				CURRENT_PROJECT_VERSION = 1;
				DEVELOPMENT_TEAM = YCQ2KCMFJZ;
				GENERATE_INFOPLIST_FILE = YES;
				MARKETING_VERSION = 1.0;
				PRODUCT_BUNDLE_IDENTIFIER = "tuanlm.Flix-appUITests";
				PRODUCT_NAME = "$(TARGET_NAME)";
				SWIFT_EMIT_LOC_STRINGS = NO;
				SWIFT_VERSION = 5.0;
				TARGETED_DEVICE_FAMILY = "1,2";
				TEST_TARGET_NAME = "Flix app";
			};
			name = Debug;
		};
		A48B105D28C8334F007AFB5F /* Release */ = {
			isa = XCBuildConfiguration;
			baseConfigurationReference = 75A3500AECB0E28C64CBD745 /* Pods-Flix app-Flix appUITests.release.xcconfig */;
			buildSettings = {
				ALWAYS_EMBED_SWIFT_STANDARD_LIBRARIES = YES;
				CODE_SIGN_STYLE = Automatic;
				CURRENT_PROJECT_VERSION = 1;
				DEVELOPMENT_TEAM = YCQ2KCMFJZ;
				GENERATE_INFOPLIST_FILE = YES;
				MARKETING_VERSION = 1.0;
				PRODUCT_BUNDLE_IDENTIFIER = "tuanlm.Flix-appUITests";
				PRODUCT_NAME = "$(TARGET_NAME)";
				SWIFT_EMIT_LOC_STRINGS = NO;
				SWIFT_VERSION = 5.0;
				TARGETED_DEVICE_FAMILY = "1,2";
				TEST_TARGET_NAME = "Flix app";
			};
			name = Release;
		};
/* End XCBuildConfiguration section */

/* Begin XCConfigurationList section */
		A48B102628C8334B007AFB5F /* Build configuration list for PBXProject "Flix app" */ = {
			isa = XCConfigurationList;
			buildConfigurations = (
				A48B105328C8334F007AFB5F /* Debug */,
				A48B105428C8334F007AFB5F /* Release */,
			);
			defaultConfigurationIsVisible = 0;
			defaultConfigurationName = Release;
		};
		A48B105528C8334F007AFB5F /* Build configuration list for PBXNativeTarget "Flix app" */ = {
			isa = XCConfigurationList;
			buildConfigurations = (
				A48B105628C8334F007AFB5F /* Debug */,
				A48B105728C8334F007AFB5F /* Release */,
			);
			defaultConfigurationIsVisible = 0;
			defaultConfigurationName = Release;
		};
		A48B105828C8334F007AFB5F /* Build configuration list for PBXNativeTarget "Flix appTests" */ = {
			isa = XCConfigurationList;
			buildConfigurations = (
				A48B105928C8334F007AFB5F /* Debug */,
				A48B105A28C8334F007AFB5F /* Release */,
			);
			defaultConfigurationIsVisible = 0;
			defaultConfigurationName = Release;
		};
		A48B105B28C8334F007AFB5F /* Build configuration list for PBXNativeTarget "Flix appUITests" */ = {
			isa = XCConfigurationList;
			buildConfigurations = (
				A48B105C28C8334F007AFB5F /* Debug */,
				A48B105D28C8334F007AFB5F /* Release */,
			);
			defaultConfigurationIsVisible = 0;
			defaultConfigurationName = Release;
		};
/* End XCConfigurationList section */
	};
	rootObject = A48B102328C8334B007AFB5F /* Project object */;
}
